
Microsoft Visual Studio Solution File, Format Version 11.00
# Visual Studio 2010
Project("{FAE04EC0-301F-11D3-BF4B-00C04F79EFBC}") = "ngui_extensions", "commons.csproj", "{87B77276-02EC-1D68-C0A5-9E5A6E709D25}"
EndProject
Project("{FAE04EC0-301F-11D3-BF4B-00C04F79EFBC}") = "ngui_extensions", "Assembly-CSharp.csproj", "{2C8E3393-1CF3-C013-5FBA-20726D4E707F}"
EndProject
Project("{FAE04EC0-301F-11D3-BF4B-00C04F79EFBC}") = "ngui_extensions", "comunity.csproj", "{2B0C49CE-7137-9E34-7A10-4E70AFA0912C}"
EndProject
Project("{FAE04EC0-301F-11D3-BF4B-00C04F79EFBC}") = "ngui_extensions", "audio.csproj", "{FE14A323-D999-0644-69AF-84E60243CE7A}"
EndProject
Project("{FAE04EC0-301F-11D3-BF4B-00C04F79EFBC}") = "ngui_extensions", "ani.csproj", "{5CF52AF3-D66F-4F3A-FD13-1D1331686FE9}"
EndProject
Project("{FAE04EC0-301F-11D3-BF4B-00C04F79EFBC}") = "ngui_extensions", "effect.csproj", "{EE7DD009-40FB-0C75-2DE8-1692EC4EC7AF}"
EndProject
Project("{FAE04EC0-301F-11D3-BF4B-00C04F79EFBC}") = "ngui_extensions", "audio-editor.csproj", "{13A6BC4D-BA07-546A-3EFB-D21A22891046}"
EndProject
Project("{FAE04EC0-301F-11D3-BF4B-00C04F79EFBC}") = "ngui_extensions", "Assembly-CSharp-firstpass.csproj", "{84EBC015-7B0A-65CB-DC09-C192A6CCFAE2}"
EndProject
Project("{FAE04EC0-301F-11D3-BF4B-00C04F79EFBC}") = "ngui_extensions", "comunity-editor.csproj", "{8AEA624B-97AA-10E9-24FE-C6334B0BFD30}"
EndProject
Project("{FAE04EC0-301F-11D3-BF4B-00C04F79EFBC}") = "ngui_extensions", "convinity-editor.csproj", "{4591CE66-DC51-5C8E-09C3-0C6D20CE3B2F}"
EndProject
Project("{FAE04EC0-301F-11D3-BF4B-00C04F79EFBC}") = "ngui_extensions", "Assembly-CSharp-Editor.csproj", "{44BC2E7E-E0EE-BD02-AB67-931C02568993}"
EndProject
Project("{FAE04EC0-301F-11D3-BF4B-00C04F79EFBC}") = "ngui_extensions", "build.csproj", "{2709FED2-210A-11F0-329C-DF4D452314E0}"
EndProject
Project("{FAE04EC0-301F-11D3-BF4B-00C04F79EFBC}") = "ngui_extensions", "ani-editor.csproj", "{90743720-03AE-67C8-111D-AA422F89B319}"
EndProject
Project("{FAE04EC0-301F-11D3-BF4B-00C04F79EFBC}") = "ngui_extensions", "effect-editor.csproj", "{82368366-C114-3729-04E4-967E4539330E}"
EndProject
Project("{FAE04EC0-301F-11D3-BF4B-00C04F79EFBC}") = "ngui_extensions", "Assembly-CSharp-Editor-firstpass.csproj", "{231EDEC0-0090-5DF6-91EB-1C30FD02685B}"
EndProject
Global
	GlobalSection(SolutionConfigurationPlatforms) = preSolution
		Debug|Any CPU = Debug|Any CPU
		Release|Any CPU = Release|Any CPU
	EndGlobalSection
	GlobalSection(ProjectConfigurationPlatforms) = postSolution
		{87B77276-02EC-1D68-C0A5-9E5A6E709D25}.Debug|Any CPU.ActiveCfg = Debug|Any CPU
		{87B77276-02EC-1D68-C0A5-9E5A6E709D25}.Debug|Any CPU.Build.0 = Debug|Any CPU
		{87B77276-02EC-1D68-C0A5-9E5A6E709D25}.Release|Any CPU.ActiveCfg = Release|Any CPU
		{87B77276-02EC-1D68-C0A5-9E5A6E709D25}.Release|Any CPU.Build.0 = Release|Any CPU
		{2C8E3393-1CF3-C013-5FBA-20726D4E707F}.Debug|Any CPU.ActiveCfg = Debug|Any CPU
		{2C8E3393-1CF3-C013-5FBA-20726D4E707F}.Debug|Any CPU.Build.0 = Debug|Any CPU
		{2C8E3393-1CF3-C013-5FBA-20726D4E707F}.Release|Any CPU.ActiveCfg = Release|Any CPU
		{2C8E3393-1CF3-C013-5FBA-20726D4E707F}.Release|Any CPU.Build.0 = Release|Any CPU
		{2B0C49CE-7137-9E34-7A10-4E70AFA0912C}.Debug|Any CPU.ActiveCfg = Debug|Any CPU
		{2B0C49CE-7137-9E34-7A10-4E70AFA0912C}.Debug|Any CPU.Build.0 = Debug|Any CPU
		{2B0C49CE-7137-9E34-7A10-4E70AFA0912C}.Release|Any CPU.ActiveCfg = Release|Any CPU
		{2B0C49CE-7137-9E34-7A10-4E70AFA0912C}.Release|Any CPU.Build.0 = Release|Any CPU
		{FE14A323-D999-0644-69AF-84E60243CE7A}.Debug|Any CPU.ActiveCfg = Debug|Any CPU
		{FE14A323-D999-0644-69AF-84E60243CE7A}.Debug|Any CPU.Build.0 = Debug|Any CPU
		{FE14A323-D999-0644-69AF-84E60243CE7A}.Release|Any CPU.ActiveCfg = Release|Any CPU
		{FE14A323-D999-0644-69AF-84E60243CE7A}.Release|Any CPU.Build.0 = Release|Any CPU
		{5CF52AF3-D66F-4F3A-FD13-1D1331686FE9}.Debug|Any CPU.ActiveCfg = Debug|Any CPU
		{5CF52AF3-D66F-4F3A-FD13-1D1331686FE9}.Debug|Any CPU.Build.0 = Debug|Any CPU
		{5CF52AF3-D66F-4F3A-FD13-1D1331686FE9}.Release|Any CPU.ActiveCfg = Release|Any CPU
		{5CF52AF3-D66F-4F3A-FD13-1D1331686FE9}.Release|Any CPU.Build.0 = Release|Any CPU
		{EE7DD009-40FB-0C75-2DE8-1692EC4EC7AF}.Debug|Any CPU.ActiveCfg = Debug|Any CPU
		{EE7DD009-40FB-0C75-2DE8-1692EC4EC7AF}.Debug|Any CPU.Build.0 = Debug|Any CPU
		{EE7DD009-40FB-0C75-2DE8-1692EC4EC7AF}.Release|Any CPU.ActiveCfg = Release|Any CPU
		{EE7DD009-40FB-0C75-2DE8-1692EC4EC7AF}.Release|Any CPU.Build.0 = Release|Any CPU
		{13A6BC4D-BA07-546A-3EFB-D21A22891046}.Debug|Any CPU.ActiveCfg = Debug|Any CPU
		{13A6BC4D-BA07-546A-3EFB-D21A22891046}.Debug|Any CPU.Build.0 = Debug|Any CPU
		{13A6BC4D-BA07-546A-3EFB-D21A22891046}.Release|Any CPU.ActiveCfg = Release|Any CPU
		{13A6BC4D-BA07-546A-3EFB-D21A22891046}.Release|Any CPU.Build.0 = Release|Any CPU
		{84EBC015-7B0A-65CB-DC09-C192A6CCFAE2}.Debug|Any CPU.ActiveCfg = Debug|Any CPU
		{84EBC015-7B0A-65CB-DC09-C192A6CCFAE2}.Debug|Any CPU.Build.0 = Debug|Any CPU
		{84EBC015-7B0A-65CB-DC09-C192A6CCFAE2}.Release|Any CPU.ActiveCfg = Release|Any CPU
		{84EBC015-7B0A-65CB-DC09-C192A6CCFAE2}.Release|Any CPU.Build.0 = Release|Any CPU
		{8AEA624B-97AA-10E9-24FE-C6334B0BFD30}.Debug|Any CPU.ActiveCfg = Debug|Any CPU
		{8AEA624B-97AA-10E9-24FE-C6334B0BFD30}.Debug|Any CPU.Build.0 = Debug|Any CPU
		{8AEA624B-97AA-10E9-24FE-C6334B0BFD30}.Release|Any CPU.ActiveCfg = Release|Any CPU
		{8AEA624B-97AA-10E9-24FE-C6334B0BFD30}.Release|Any CPU.Build.0 = Release|Any CPU
		{4591CE66-DC51-5C8E-09C3-0C6D20CE3B2F}.Debug|Any CPU.ActiveCfg = Debug|Any CPU
		{4591CE66-DC51-5C8E-09C3-0C6D20CE3B2F}.Debug|Any CPU.Build.0 = Debug|Any CPU
		{4591CE66-DC51-5C8E-09C3-0C6D20CE3B2F}.Release|Any CPU.ActiveCfg = Release|Any CPU
		{4591CE66-DC51-5C8E-09C3-0C6D20CE3B2F}.Release|Any CPU.Build.0 = Release|Any CPU
		{44BC2E7E-E0EE-BD02-AB67-931C02568993}.Debug|Any CPU.ActiveCfg = Debug|Any CPU
		{44BC2E7E-E0EE-BD02-AB67-931C02568993}.Debug|Any CPU.Build.0 = Debug|Any CPU
		{44BC2E7E-E0EE-BD02-AB67-931C02568993}.Release|Any CPU.ActiveCfg = Release|Any CPU
		{44BC2E7E-E0EE-BD02-AB67-931C02568993}.Release|Any CPU.Build.0 = Release|Any CPU
		{2709FED2-210A-11F0-329C-DF4D452314E0}.Debug|Any CPU.ActiveCfg = Debug|Any CPU
		{2709FED2-210A-11F0-329C-DF4D452314E0}.Debug|Any CPU.Build.0 = Debug|Any CPU
		{2709FED2-210A-11F0-329C-DF4D452314E0}.Release|Any CPU.ActiveCfg = Release|Any CPU
		{2709FED2-210A-11F0-329C-DF4D452314E0}.Release|Any CPU.Build.0 = Release|Any CPU
		{90743720-03AE-67C8-111D-AA422F89B319}.Debug|Any CPU.ActiveCfg = Debug|Any CPU
		{90743720-03AE-67C8-111D-AA422F89B319}.Debug|Any CPU.Build.0 = Debug|Any CPU
		{90743720-03AE-67C8-111D-AA422F89B319}.Release|Any CPU.ActiveCfg = Release|Any CPU
		{90743720-03AE-67C8-111D-AA422F89B319}.Release|Any CPU.Build.0 = Release|Any CPU
		{82368366-C114-3729-04E4-967E4539330E}.Debug|Any CPU.ActiveCfg = Debug|Any CPU
		{82368366-C114-3729-04E4-967E4539330E}.Debug|Any CPU.Build.0 = Debug|Any CPU
		{82368366-C114-3729-04E4-967E4539330E}.Release|Any CPU.ActiveCfg = Release|Any CPU
		{82368366-C114-3729-04E4-967E4539330E}.Release|Any CPU.Build.0 = Release|Any CPU
		{231EDEC0-0090-5DF6-91EB-1C30FD02685B}.Debug|Any CPU.ActiveCfg = Debug|Any CPU
		{231EDEC0-0090-5DF6-91EB-1C30FD02685B}.Debug|Any CPU.Build.0 = Debug|Any CPU
		{231EDEC0-0090-5DF6-91EB-1C30FD02685B}.Release|Any CPU.ActiveCfg = Release|Any CPU
		{231EDEC0-0090-5DF6-91EB-1C30FD02685B}.Release|Any CPU.Build.0 = Release|Any CPU
	EndGlobalSection
	GlobalSection(SolutionProperties) = preSolution
		HideSolutionNode = FALSE
	EndGlobalSection
	GlobalSection(MonoDevelopProperties) = preSolution
		StartupItem = Assembly-CSharp.csproj
	EndGlobalSection
EndGlobal
