
Microsoft Visual Studio Solution File, Format Version 12.00
# Visual Studio for Mac
Project("{FAE04EC0-301F-11D3-BF4B-00C04F79EFBC}") = "mulova.commons", "mulova.commons.csproj", "{1A161FBF-5AD2-59C3-6E05-B52AF9739879}"
EndProject
Project("{FAE04EC0-301F-11D3-BF4B-00C04F79EFBC}") = "mulova.comunity", "mulova.comunity.csproj", "{EE6C2073-728C-1252-08DA-0215E4E115EB}"
EndProject
Project("{FAE04EC0-301F-11D3-BF4B-00C04F79EFBC}") = "Assembly-CSharp", "Assembly-CSharp.csproj", "{19CE7B79-4ED8-FD24-F9B5-E7299815AB47}"
EndProject
Project("{FAE04EC0-301F-11D3-BF4B-00C04F79EFBC}") = "mulova.legacy", "mulova.legacy.csproj", "{322F4FA9-EF9A-2BFC-E453-EDC6B9F51C6A}"
EndProject
Project("{FAE04EC0-301F-11D3-BF4B-00C04F79EFBC}") = "mulova.i18n", "mulova.i18n.csproj", "{6DA66514-53F3-71C6-B02A-C098233C8A2F}"
EndProject
Project("{FAE04EC0-301F-11D3-BF4B-00C04F79EFBC}") = "mulova.unicore", "mulova.unicore.csproj", "{086190D1-197E-90A6-2544-444B4EBF8C4A}"
EndProject
Project("{FAE04EC0-301F-11D3-BF4B-00C04F79EFBC}") = "mulova.ui", "mulova.ui.csproj", "{D6465A92-3626-ADD8-6C05-51565E14E3B1}"
EndProject
Project("{FAE04EC0-301F-11D3-BF4B-00C04F79EFBC}") = "CrossSceneReference-Editor", "CrossSceneReference-Editor.csproj", "{D9459E7E-5D8F-23AF-D8AA-58FFF626B396}"
EndProject
Project("{FAE04EC0-301F-11D3-BF4B-00C04F79EFBC}") = "AssetBundleManager", "AssetBundleManager.csproj", "{1107F26B-5F7E-B424-3F0A-64B4556B0464}"
EndProject
Project("{FAE04EC0-301F-11D3-BF4B-00C04F79EFBC}") = "CrossSceneReference", "CrossSceneReference.csproj", "{2B8F39E8-E85D-3752-6087-FFF0C2CA9A48}"
EndProject
Project("{FAE04EC0-301F-11D3-BF4B-00C04F79EFBC}") = "Assembly-CSharp-firstpass", "Assembly-CSharp-firstpass.csproj", "{4DD17DFB-4412-A898-42BB-CEB0D8A7F9B6}"
EndProject
Project("{FAE04EC0-301F-11D3-BF4B-00C04F79EFBC}") = "AssetBundleManagerEditor", "AssetBundleManagerEditor.csproj", "{73D6E6A4-E249-4ED2-08E3-B27E47D3D9C1}"
EndProject
Project("{FAE04EC0-301F-11D3-BF4B-00C04F79EFBC}") = "mulova.comunity.editor", "mulova.comunity.editor.csproj", "{8B9B7847-F8F5-4294-CA2E-55D727026053}"
EndProject
Project("{FAE04EC0-301F-11D3-BF4B-00C04F79EFBC}") = "Assembly-CSharp-Editor", "Assembly-CSharp-Editor.csproj", "{E44AD7C3-B7EC-46DB-C430-C7881355B2AC}"
EndProject
Project("{FAE04EC0-301F-11D3-BF4B-00C04F79EFBC}") = "reorderablelist", "reorderablelist.csproj", "{DB171E7D-6492-BEC6-DA9A-518985579A5A}"
EndProject
Project("{FAE04EC0-301F-11D3-BF4B-00C04F79EFBC}") = "mulova.unicore.editor", "mulova.unicore.editor.csproj", "{BE1B138C-1198-0AC3-8FC3-316251F91572}"
EndProject
Project("{FAE04EC0-301F-11D3-BF4B-00C04F79EFBC}") = "mulova.prebuild", "mulova.prebuild.csproj", "{D27E9D95-9EAF-0DE9-6E9E-ECC97F426B6B}"
EndProject
Project("{FAE04EC0-301F-11D3-BF4B-00C04F79EFBC}") = "mulova.builder", "mulova.builder.csproj", "{11CC49B2-D9CE-F0E6-CB4D-16B63066F65B}"
EndProject
Project("{FAE04EC0-301F-11D3-BF4B-00C04F79EFBC}") = "mulova.ui.editor", "mulova.ui.editor.csproj", "{1496B12C-CF0F-3F4E-D97C-9F2E8797F6B3}"
EndProject
Project("{FAE04EC0-301F-11D3-BF4B-00C04F79EFBC}") = "mulova.legacy.editor", "mulova.legacy.editor.csproj", "{3CF156BE-C72B-9E72-185B-60EC8EFCEF08}"
EndProject
Project("{FAE04EC0-301F-11D3-BF4B-00C04F79EFBC}") = "scenehistorian", "scenehistorian.csproj", "{5644430F-C0D5-04E9-4F1B-F01A160C0B56}"
EndProject
Project("{FAE04EC0-301F-11D3-BF4B-00C04F79EFBC}") = "shortcut", "shortcut.csproj", "{E0AECDEF-A360-BE2D-291A-7CF8725AA0BD}"
EndProject
Project("{FAE04EC0-301F-11D3-BF4B-00C04F79EFBC}") = "mulova.i18n.editor", "mulova.i18n.editor.csproj", "{2E16AEFE-25F6-4FF7-D2B0-28C08DB4E3C2}"
EndProject
Project("{FAE04EC0-301F-11D3-BF4B-00C04F79EFBC}") = "Assembly-CSharp-Editor-firstpass", "Assembly-CSharp-Editor-firstpass.csproj", "{A9BC01D3-D01F-FD7F-EA6B-BD40FD3C1C1D}"
EndProject
Global
	GlobalSection(SolutionConfigurationPlatforms) = preSolution
		Debug|Any CPU = Debug|Any CPU
		Release|Any CPU = Release|Any CPU
	EndGlobalSection
	GlobalSection(ProjectConfigurationPlatforms) = postSolution
		{1A161FBF-5AD2-59C3-6E05-B52AF9739879}.Debug|Any CPU.ActiveCfg = Debug|Any CPU
		{1A161FBF-5AD2-59C3-6E05-B52AF9739879}.Debug|Any CPU.Build.0 = Debug|Any CPU
		{1A161FBF-5AD2-59C3-6E05-B52AF9739879}.Release|Any CPU.ActiveCfg = Release|Any CPU
		{1A161FBF-5AD2-59C3-6E05-B52AF9739879}.Release|Any CPU.Build.0 = Release|Any CPU
		{EE6C2073-728C-1252-08DA-0215E4E115EB}.Debug|Any CPU.ActiveCfg = Debug|Any CPU
		{EE6C2073-728C-1252-08DA-0215E4E115EB}.Debug|Any CPU.Build.0 = Debug|Any CPU
		{EE6C2073-728C-1252-08DA-0215E4E115EB}.Release|Any CPU.ActiveCfg = Release|Any CPU
		{EE6C2073-728C-1252-08DA-0215E4E115EB}.Release|Any CPU.Build.0 = Release|Any CPU
		{19CE7B79-4ED8-FD24-F9B5-E7299815AB47}.Debug|Any CPU.ActiveCfg = Debug|Any CPU
		{19CE7B79-4ED8-FD24-F9B5-E7299815AB47}.Debug|Any CPU.Build.0 = Debug|Any CPU
		{19CE7B79-4ED8-FD24-F9B5-E7299815AB47}.Release|Any CPU.ActiveCfg = Release|Any CPU
		{19CE7B79-4ED8-FD24-F9B5-E7299815AB47}.Release|Any CPU.Build.0 = Release|Any CPU
		{322F4FA9-EF9A-2BFC-E453-EDC6B9F51C6A}.Debug|Any CPU.ActiveCfg = Debug|Any CPU
		{322F4FA9-EF9A-2BFC-E453-EDC6B9F51C6A}.Debug|Any CPU.Build.0 = Debug|Any CPU
		{322F4FA9-EF9A-2BFC-E453-EDC6B9F51C6A}.Release|Any CPU.ActiveCfg = Release|Any CPU
		{322F4FA9-EF9A-2BFC-E453-EDC6B9F51C6A}.Release|Any CPU.Build.0 = Release|Any CPU
		{6DA66514-53F3-71C6-B02A-C098233C8A2F}.Debug|Any CPU.ActiveCfg = Debug|Any CPU
		{6DA66514-53F3-71C6-B02A-C098233C8A2F}.Debug|Any CPU.Build.0 = Debug|Any CPU
		{6DA66514-53F3-71C6-B02A-C098233C8A2F}.Release|Any CPU.ActiveCfg = Release|Any CPU
		{6DA66514-53F3-71C6-B02A-C098233C8A2F}.Release|Any CPU.Build.0 = Release|Any CPU
		{086190D1-197E-90A6-2544-444B4EBF8C4A}.Debug|Any CPU.ActiveCfg = Debug|Any CPU
		{086190D1-197E-90A6-2544-444B4EBF8C4A}.Debug|Any CPU.Build.0 = Debug|Any CPU
		{086190D1-197E-90A6-2544-444B4EBF8C4A}.Release|Any CPU.ActiveCfg = Release|Any CPU
		{086190D1-197E-90A6-2544-444B4EBF8C4A}.Release|Any CPU.Build.0 = Release|Any CPU
		{D6465A92-3626-ADD8-6C05-51565E14E3B1}.Debug|Any CPU.ActiveCfg = Debug|Any CPU
		{D6465A92-3626-ADD8-6C05-51565E14E3B1}.Debug|Any CPU.Build.0 = Debug|Any CPU
		{D6465A92-3626-ADD8-6C05-51565E14E3B1}.Release|Any CPU.ActiveCfg = Release|Any CPU
		{D6465A92-3626-ADD8-6C05-51565E14E3B1}.Release|Any CPU.Build.0 = Release|Any CPU
		{D9459E7E-5D8F-23AF-D8AA-58FFF626B396}.Debug|Any CPU.ActiveCfg = Debug|Any CPU
		{D9459E7E-5D8F-23AF-D8AA-58FFF626B396}.Debug|Any CPU.Build.0 = Debug|Any CPU
		{D9459E7E-5D8F-23AF-D8AA-58FFF626B396}.Release|Any CPU.ActiveCfg = Release|Any CPU
		{D9459E7E-5D8F-23AF-D8AA-58FFF626B396}.Release|Any CPU.Build.0 = Release|Any CPU
		{1107F26B-5F7E-B424-3F0A-64B4556B0464}.Debug|Any CPU.ActiveCfg = Debug|Any CPU
		{1107F26B-5F7E-B424-3F0A-64B4556B0464}.Debug|Any CPU.Build.0 = Debug|Any CPU
		{1107F26B-5F7E-B424-3F0A-64B4556B0464}.Release|Any CPU.ActiveCfg = Release|Any CPU
		{1107F26B-5F7E-B424-3F0A-64B4556B0464}.Release|Any CPU.Build.0 = Release|Any CPU
		{2B8F39E8-E85D-3752-6087-FFF0C2CA9A48}.Debug|Any CPU.ActiveCfg = Debug|Any CPU
		{2B8F39E8-E85D-3752-6087-FFF0C2CA9A48}.Debug|Any CPU.Build.0 = Debug|Any CPU
		{2B8F39E8-E85D-3752-6087-FFF0C2CA9A48}.Release|Any CPU.ActiveCfg = Release|Any CPU
		{2B8F39E8-E85D-3752-6087-FFF0C2CA9A48}.Release|Any CPU.Build.0 = Release|Any CPU
		{4DD17DFB-4412-A898-42BB-CEB0D8A7F9B6}.Debug|Any CPU.ActiveCfg = Debug|Any CPU
		{4DD17DFB-4412-A898-42BB-CEB0D8A7F9B6}.Debug|Any CPU.Build.0 = Debug|Any CPU
		{4DD17DFB-4412-A898-42BB-CEB0D8A7F9B6}.Release|Any CPU.ActiveCfg = Release|Any CPU
		{4DD17DFB-4412-A898-42BB-CEB0D8A7F9B6}.Release|Any CPU.Build.0 = Release|Any CPU
		{73D6E6A4-E249-4ED2-08E3-B27E47D3D9C1}.Debug|Any CPU.ActiveCfg = Debug|Any CPU
		{73D6E6A4-E249-4ED2-08E3-B27E47D3D9C1}.Debug|Any CPU.Build.0 = Debug|Any CPU
		{73D6E6A4-E249-4ED2-08E3-B27E47D3D9C1}.Release|Any CPU.ActiveCfg = Release|Any CPU
		{73D6E6A4-E249-4ED2-08E3-B27E47D3D9C1}.Release|Any CPU.Build.0 = Release|Any CPU
		{8B9B7847-F8F5-4294-CA2E-55D727026053}.Debug|Any CPU.ActiveCfg = Debug|Any CPU
		{8B9B7847-F8F5-4294-CA2E-55D727026053}.Debug|Any CPU.Build.0 = Debug|Any CPU
		{8B9B7847-F8F5-4294-CA2E-55D727026053}.Release|Any CPU.ActiveCfg = Release|Any CPU
		{8B9B7847-F8F5-4294-CA2E-55D727026053}.Release|Any CPU.Build.0 = Release|Any CPU
		{E44AD7C3-B7EC-46DB-C430-C7881355B2AC}.Debug|Any CPU.ActiveCfg = Debug|Any CPU
		{E44AD7C3-B7EC-46DB-C430-C7881355B2AC}.Debug|Any CPU.Build.0 = Debug|Any CPU
		{E44AD7C3-B7EC-46DB-C430-C7881355B2AC}.Release|Any CPU.ActiveCfg = Release|Any CPU
		{E44AD7C3-B7EC-46DB-C430-C7881355B2AC}.Release|Any CPU.Build.0 = Release|Any CPU
		{DB171E7D-6492-BEC6-DA9A-518985579A5A}.Debug|Any CPU.ActiveCfg = Debug|Any CPU
		{DB171E7D-6492-BEC6-DA9A-518985579A5A}.Debug|Any CPU.Build.0 = Debug|Any CPU
		{DB171E7D-6492-BEC6-DA9A-518985579A5A}.Release|Any CPU.ActiveCfg = Release|Any CPU
		{DB171E7D-6492-BEC6-DA9A-518985579A5A}.Release|Any CPU.Build.0 = Release|Any CPU
		{BE1B138C-1198-0AC3-8FC3-316251F91572}.Debug|Any CPU.ActiveCfg = Debug|Any CPU
		{BE1B138C-1198-0AC3-8FC3-316251F91572}.Debug|Any CPU.Build.0 = Debug|Any CPU
		{BE1B138C-1198-0AC3-8FC3-316251F91572}.Release|Any CPU.ActiveCfg = Release|Any CPU
		{BE1B138C-1198-0AC3-8FC3-316251F91572}.Release|Any CPU.Build.0 = Release|Any CPU
		{D27E9D95-9EAF-0DE9-6E9E-ECC97F426B6B}.Debug|Any CPU.ActiveCfg = Debug|Any CPU
		{D27E9D95-9EAF-0DE9-6E9E-ECC97F426B6B}.Debug|Any CPU.Build.0 = Debug|Any CPU
		{D27E9D95-9EAF-0DE9-6E9E-ECC97F426B6B}.Release|Any CPU.ActiveCfg = Release|Any CPU
		{D27E9D95-9EAF-0DE9-6E9E-ECC97F426B6B}.Release|Any CPU.Build.0 = Release|Any CPU
		{11CC49B2-D9CE-F0E6-CB4D-16B63066F65B}.Debug|Any CPU.ActiveCfg = Debug|Any CPU
		{11CC49B2-D9CE-F0E6-CB4D-16B63066F65B}.Debug|Any CPU.Build.0 = Debug|Any CPU
		{11CC49B2-D9CE-F0E6-CB4D-16B63066F65B}.Release|Any CPU.ActiveCfg = Release|Any CPU
		{11CC49B2-D9CE-F0E6-CB4D-16B63066F65B}.Release|Any CPU.Build.0 = Release|Any CPU
		{1496B12C-CF0F-3F4E-D97C-9F2E8797F6B3}.Debug|Any CPU.ActiveCfg = Debug|Any CPU
		{1496B12C-CF0F-3F4E-D97C-9F2E8797F6B3}.Debug|Any CPU.Build.0 = Debug|Any CPU
		{1496B12C-CF0F-3F4E-D97C-9F2E8797F6B3}.Release|Any CPU.ActiveCfg = Release|Any CPU
		{1496B12C-CF0F-3F4E-D97C-9F2E8797F6B3}.Release|Any CPU.Build.0 = Release|Any CPU
		{3CF156BE-C72B-9E72-185B-60EC8EFCEF08}.Debug|Any CPU.ActiveCfg = Debug|Any CPU
		{3CF156BE-C72B-9E72-185B-60EC8EFCEF08}.Debug|Any CPU.Build.0 = Debug|Any CPU
		{3CF156BE-C72B-9E72-185B-60EC8EFCEF08}.Release|Any CPU.ActiveCfg = Release|Any CPU
		{3CF156BE-C72B-9E72-185B-60EC8EFCEF08}.Release|Any CPU.Build.0 = Release|Any CPU
		{5644430F-C0D5-04E9-4F1B-F01A160C0B56}.Debug|Any CPU.ActiveCfg = Debug|Any CPU
		{5644430F-C0D5-04E9-4F1B-F01A160C0B56}.Debug|Any CPU.Build.0 = Debug|Any CPU
		{5644430F-C0D5-04E9-4F1B-F01A160C0B56}.Release|Any CPU.ActiveCfg = Release|Any CPU
		{5644430F-C0D5-04E9-4F1B-F01A160C0B56}.Release|Any CPU.Build.0 = Release|Any CPU
		{E0AECDEF-A360-BE2D-291A-7CF8725AA0BD}.Debug|Any CPU.ActiveCfg = Debug|Any CPU
		{E0AECDEF-A360-BE2D-291A-7CF8725AA0BD}.Debug|Any CPU.Build.0 = Debug|Any CPU
		{E0AECDEF-A360-BE2D-291A-7CF8725AA0BD}.Release|Any CPU.ActiveCfg = Release|Any CPU
		{E0AECDEF-A360-BE2D-291A-7CF8725AA0BD}.Release|Any CPU.Build.0 = Release|Any CPU
		{2E16AEFE-25F6-4FF7-D2B0-28C08DB4E3C2}.Debug|Any CPU.ActiveCfg = Debug|Any CPU
		{2E16AEFE-25F6-4FF7-D2B0-28C08DB4E3C2}.Debug|Any CPU.Build.0 = Debug|Any CPU
		{2E16AEFE-25F6-4FF7-D2B0-28C08DB4E3C2}.Release|Any CPU.ActiveCfg = Release|Any CPU
		{2E16AEFE-25F6-4FF7-D2B0-28C08DB4E3C2}.Release|Any CPU.Build.0 = Release|Any CPU
		{A9BC01D3-D01F-FD7F-EA6B-BD40FD3C1C1D}.Debug|Any CPU.ActiveCfg = Debug|Any CPU
		{A9BC01D3-D01F-FD7F-EA6B-BD40FD3C1C1D}.Debug|Any CPU.Build.0 = Debug|Any CPU
		{A9BC01D3-D01F-FD7F-EA6B-BD40FD3C1C1D}.Release|Any CPU.ActiveCfg = Release|Any CPU
		{A9BC01D3-D01F-FD7F-EA6B-BD40FD3C1C1D}.Release|Any CPU.Build.0 = Release|Any CPU
	EndGlobalSection
	GlobalSection(SolutionProperties) = preSolution
		HideSolutionNode = FALSE
	EndGlobalSection
EndGlobal
